<?xml version="1.0" encoding="utf-8"?>
<Project ToolsVersion="4.0" xmlns="http://schemas.microsoft.com/developer/msbuild/2003">
  <ItemGroup>
    <Filter Include="Source Files">
      <UniqueIdentifier>{87c0a8cb-48ca-402c-bdd0-42bf9f3411bc}</UniqueIdentifier>
      <Extensions>cpp;c;cxx;rc;def;r;odl;idl;hpj;bat</Extensions>
    </Filter>
    <Filter Include="Header Files">
      <UniqueIdentifier>{39eebc68-4b39-4522-a8b7-6578178c6de6}</UniqueIdentifier>
      <Extensions>h;hpp;hxx;hm;inl</Extensions>
    </Filter>
    <Filter Include="Resource Files">
      <UniqueIdentifier>{768aca6f-5914-4d17-a47d-d3de57ff127f}</UniqueIdentifier>
      <Extensions>ico;cur;bmp;dlg;rc2;rct;bin;rgs;gif;jpg;jpeg;jpe</Extensions>
    </Filter>
  </ItemGroup>
  <ItemGroup>
    <ClCompile Include="StdAfx.cpp">
      <Filter>Source Files</Filter>
    </ClCompile>
    <ClCompile Include="TCalcFuncSets.cpp">
      <Filter>Source Files</Filter>
    </ClCompile>
    <ClCompile Include="TestPluginTCale.cpp">
      <Filter>Source Files</Filter>
    </ClCompile>
    <ClCompile Include="Kline.cpp">
      <Filter>Source Files</Filter>
    </ClCompile>
    <ClCompile Include="fx.cpp">
      <Filter>Source Files</Filter>
    </ClCompile>
    <ClCompile Include="Bi.cpp">
      <Filter>Source Files</Filter>
    </ClCompile>
    <ClCompile Include="ChanAnalyze.cpp">
      <Filter>Source Files</Filter>
    </ClCompile>
  </ItemGroup>
  <ItemGroup>
    <ClInclude Include="PluginTCalcFunc.h">
      <Filter>Header Files</Filter>
    </ClInclude>
    <ClInclude Include="StdAfx.h">
      <Filter>Header Files</Filter>
    </ClInclude>
    <ClInclude Include="TCalcFuncSets.h">
      <Filter>Header Files</Filter>
    </ClInclude>
    <ClInclude Include="Kline.h">
      <Filter>Header Files</Filter>
    </ClInclude>
    <ClInclude Include="fx.h">
      <Filter>Header Files</Filter>
    </ClInclude>
    <ClInclude Include="Bi.h">
      <Filter>Header Files</Filter>
    </ClInclude>
    <ClInclude Include="ChanAnalyze.h">
      <Filter>Header Files</Filter>
    </ClInclude>
  </ItemGroup>
  <ItemGroup>
    <Text Include="ReadMe.txt" />
  </ItemGroup>
</Project>